
Microsoft Visual Studio Solution File, Format Version 12.00
# Visual Studio 15
VisualStudioVersion = 15.0.26430.16
MinimumVisualStudioVersion = 10.0.40219.1
Project("{FAE04EC0-301F-11D3-BF4B-00C04F79EFBC}") = "AdminSchool", "AdminSchool\AdminSchool.csproj", "{FAC8393C-8AD8-4A34-8A84-04E58FD3F20E}"
EndProject
Project("{FAE04EC0-301F-11D3-BF4B-00C04F79EFBC}") = "AdminSchool.Tests", "AdminSchool.Tests\AdminSchool.Tests.csproj", "{92A6BEFF-3699-42B4-A098-A87815B0D814}"
EndProject
Global
	GlobalSection(SolutionConfigurationPlatforms) = preSolution
		Debug|Any CPU = Debug|Any CPU
		Release|Any CPU = Release|Any CPU
	EndGlobalSection
	GlobalSection(ProjectConfigurationPlatforms) = postSolution
		{FAC8393C-8AD8-4A34-8A84-04E58FD3F20E}.Debug|Any CPU.ActiveCfg = Debug|Any CPU
		{FAC8393C-8AD8-4A34-8A84-04E58FD3F20E}.Debug|Any CPU.Build.0 = Debug|Any CPU
		{FAC8393C-8AD8-4A34-8A84-04E58FD3F20E}.Release|Any CPU.ActiveCfg = Release|Any CPU
		{FAC8393C-8AD8-4A34-8A84-04E58FD3F20E}.Release|Any CPU.Build.0 = Release|Any CPU
		{92A6BEFF-3699-42B4-A098-A87815B0D814}.Debug|Any CPU.ActiveCfg = Debug|Any CPU
		{92A6BEFF-3699-42B4-A098-A87815B0D814}.Debug|Any CPU.Build.0 = Debug|Any CPU
		{92A6BEFF-3699-42B4-A098-A87815B0D814}.Release|Any CPU.ActiveCfg = Release|Any CPU
		{92A6BEFF-3699-42B4-A098-A87815B0D814}.Release|Any CPU.Build.0 = Release|Any CPU
	EndGlobalSection
	GlobalSection(SolutionProperties) = preSolution
		HideSolutionNode = FALSE
	EndGlobalSection
EndGlobal
